// !$*UTF8*$!
{
	archiveVersion = 1;
	classes = {
	};
	objectVersion = 56;
	objects = {

/* Begin PBXBuildFile section */
		314B4DED29E1A0600066CC7A /* DoublyLinkedList.cpp in Sources */ = {isa = PBXBuildFile; fileRef = 314B4DE329E1A0600066CC7A /* DoublyLinkedList.cpp */; };
		314B4DEE29E1A0600066CC7A /* Table.cpp in Sources */ = {isa = PBXBuildFile; fileRef = 314B4DE729E1A0600066CC7A /* Table.cpp */; };
		314B4DF129E1A0760066CC7A /* main.cpp in Sources */ = {isa = PBXBuildFile; fileRef = 314B4DF029E1A0760066CC7A /* main.cpp */; };
		31DBBBA829EAE58E008B9050 /* test_sdizo_projekt.mm in Sources */ = {isa = PBXBuildFile; fileRef = 31DBBB9C29EAE2C5008B9050 /* test_sdizo_projekt.mm */; };
		31DBBBAA29EAE63A008B9050 /* TestTable.mm in Sources */ = {isa = PBXBuildFile; fileRef = 31DBBBA929EAE63A008B9050 /* TestTable.mm */; };
		31DBBBAC29EAF706008B9050 /* Table.cpp in Sources */ = {isa = PBXBuildFile; fileRef = 314B4DE729E1A0600066CC7A /* Table.cpp */; };
		31DBBBAF29EAF900008B9050 /* HeapNode.cpp in Sources */ = {isa = PBXBuildFile; fileRef = 31DBBBAD29EAF900008B9050 /* HeapNode.cpp */; };
		31DBBBB529EB2779008B9050 /* TestHeap.mm in Sources */ = {isa = PBXBuildFile; fileRef = 31DBBBB429EB2779008B9050 /* TestHeap.mm */; };
		31DBBBBA29EB2EDC008B9050 /* MaxHeap.cpp in Sources */ = {isa = PBXBuildFile; fileRef = 31DBBBB929EB2EDC008B9050 /* MaxHeap.cpp */; };
		31DBBBBB29EB32E6008B9050 /* MaxHeap.cpp in Sources */ = {isa = PBXBuildFile; fileRef = 31DBBBB929EB2EDC008B9050 /* MaxHeap.cpp */; };
		31DBBBBC29EB434B008B9050 /* heap1.txt in Resources */ = {isa = PBXBuildFile; fileRef = 31DBBBB329EB0C3D008B9050 /* heap1.txt */; };
		31DBBBC029EB46B0008B9050 /* BST.cpp in Sources */ = {isa = PBXBuildFile; fileRef = 31DBBBBE29EB46B0008B9050 /* BST.cpp */; };
		31DBBBC129EB46B0008B9050 /* BST.cpp in Sources */ = {isa = PBXBuildFile; fileRef = 31DBBBBE29EB46B0008B9050 /* BST.cpp */; };
		31DBBBC329EB4845008B9050 /* DoublyLinkedListTests.mm in Sources */ = {isa = PBXBuildFile; fileRef = 31DBBBC229EB4845008B9050 /* DoublyLinkedListTests.mm */; };
		31DBBBC429EB485C008B9050 /* DoublyLinkedList.cpp in Sources */ = {isa = PBXBuildFile; fileRef = 314B4DE329E1A0600066CC7A /* DoublyLinkedList.cpp */; };
		31DBBBC629EB4AED008B9050 /* Node.cpp in Sources */ = {isa = PBXBuildFile; fileRef = 314B4DE229E1A0600066CC7A /* Node.cpp */; };
		31DBBBC729EB4AEE008B9050 /* Node.cpp in Sources */ = {isa = PBXBuildFile; fileRef = 314B4DE229E1A0600066CC7A /* Node.cpp */; };
		31DBBBC929EB4B72008B9050 /* tab1.txt in Resources */ = {isa = PBXBuildFile; fileRef = 31DBBBC829EB4B72008B9050 /* tab1.txt */; };
		31DBBBCC29EB7A6A008B9050 /* bst1.txt in Resources */ = {isa = PBXBuildFile; fileRef = 31DBBBCA29EB7A6A008B9050 /* bst1.txt */; };
		31DBBBCD29EB7A6A008B9050 /* bst2.txt in Resources */ = {isa = PBXBuildFile; fileRef = 31DBBBCB29EB7A6A008B9050 /* bst2.txt */; };
/* End PBXBuildFile section */

/* Begin PBXCopyFilesBuildPhase section */
		3108197A29E19FF900FC0787 /* CopyFiles */ = {
			isa = PBXCopyFilesBuildPhase;
			buildActionMask = 2147483647;
			dstPath = /usr/share/man/man1/;
			dstSubfolderSpec = 0;
			files = (
			);
			runOnlyForDeploymentPostprocessing = 1;
		};
/* End PBXCopyFilesBuildPhase section */

/* Begin PBXFileReference section */
		314B4DE229E1A0600066CC7A /* Node.cpp */ = {isa = PBXFileReference; fileEncoding = 4; lastKnownFileType = sourcecode.cpp.cpp; path = Node.cpp; sourceTree = "<group>"; };
		314B4DE329E1A0600066CC7A /* DoublyLinkedList.cpp */ = {isa = PBXFileReference; fileEncoding = 4; lastKnownFileType = sourcecode.cpp.cpp; path = DoublyLinkedList.cpp; sourceTree = "<group>"; };
		314B4DE429E1A0600066CC7A /* Node.hpp */ = {isa = PBXFileReference; fileEncoding = 4; lastKnownFileType = sourcecode.cpp.h; path = Node.hpp; sourceTree = "<group>"; };
		314B4DE529E1A0600066CC7A /* DoublyLinkedList.hpp */ = {isa = PBXFileReference; fileEncoding = 4; lastKnownFileType = sourcecode.cpp.h; path = DoublyLinkedList.hpp; sourceTree = "<group>"; };
		314B4DE729E1A0600066CC7A /* Table.cpp */ = {isa = PBXFileReference; fileEncoding = 4; lastKnownFileType = sourcecode.cpp.cpp; path = Table.cpp; sourceTree = "<group>"; };
		314B4DE829E1A0600066CC7A /* Table.hpp */ = {isa = PBXFileReference; fileEncoding = 4; lastKnownFileType = sourcecode.cpp.h; path = Table.hpp; sourceTree = "<group>"; };
		314B4DEB29E1A0600066CC7A /* MaxHeap.hpp */ = {isa = PBXFileReference; fileEncoding = 4; lastKnownFileType = sourcecode.cpp.h; path = MaxHeap.hpp; sourceTree = "<group>"; };
		314B4DF029E1A0760066CC7A /* main.cpp */ = {isa = PBXFileReference; fileEncoding = 4; lastKnownFileType = sourcecode.cpp.cpp; name = main.cpp; path = ../../Zadanie1/main.cpp; sourceTree = "<group>"; };
		31DBBB9A29EAE2C5008B9050 /* test-sdizo-projekt.xctest */ = {isa = PBXFileReference; explicitFileType = wrapper.cfbundle; includeInIndex = 0; path = "test-sdizo-projekt.xctest"; sourceTree = BUILT_PRODUCTS_DIR; };
		31DBBB9C29EAE2C5008B9050 /* test_sdizo_projekt.mm */ = {isa = PBXFileReference; explicitFileType = sourcecode.cpp.objcpp; path = test_sdizo_projekt.mm; sourceTree = "<group>"; };
		31DBBBA329EAE3CF008B9050 /* XCTest.framework */ = {isa = PBXFileReference; lastKnownFileType = wrapper.framework; name = XCTest.framework; path = Platforms/MacOSX.platform/Developer/Library/Frameworks/XCTest.framework; sourceTree = DEVELOPER_DIR; };
		31DBBBA629EAE3CF008B9050 /* sdizo-projekt */ = {isa = PBXFileReference; explicitFileType = "compiled.mach-o.executable"; includeInIndex = 0; path = "sdizo-projekt"; sourceTree = BUILT_PRODUCTS_DIR; };
		31DBBBA929EAE63A008B9050 /* TestTable.mm */ = {isa = PBXFileReference; explicitFileType = sourcecode.cpp.objcpp; path = TestTable.mm; sourceTree = "<group>"; };
		31DBBBAD29EAF900008B9050 /* HeapNode.cpp */ = {isa = PBXFileReference; lastKnownFileType = sourcecode.cpp.cpp; path = HeapNode.cpp; sourceTree = "<group>"; };
		31DBBBAE29EAF900008B9050 /* HeapNode.hpp */ = {isa = PBXFileReference; lastKnownFileType = sourcecode.cpp.h; path = HeapNode.hpp; sourceTree = "<group>"; };
		31DBBBB229EB0C3D008B9050 /* heap2.txt */ = {isa = PBXFileReference; fileEncoding = 4; lastKnownFileType = text; path = heap2.txt; sourceTree = "<group>"; };
		31DBBBB329EB0C3D008B9050 /* heap1.txt */ = {isa = PBXFileReference; fileEncoding = 4; lastKnownFileType = text; name = heap1.txt; path = "/Users/sergiusz/Documents/studia/CzwartySemestr/SDIZO/sdizo-projekt/pliki/heap1.txt"; sourceTree = "<absolute>"; };
		31DBBBB429EB2779008B9050 /* TestHeap.mm */ = {isa = PBXFileReference; explicitFileType = sourcecode.cpp.objcpp; path = TestHeap.mm; sourceTree = "<group>"; };
		31DBBBB929EB2EDC008B9050 /* MaxHeap.cpp */ = {isa = PBXFileReference; lastKnownFileType = sourcecode.cpp.cpp; path = MaxHeap.cpp; sourceTree = "<group>"; };
		31DBBBBE29EB46B0008B9050 /* BST.cpp */ = {isa = PBXFileReference; lastKnownFileType = sourcecode.cpp.cpp; path = BST.cpp; sourceTree = "<group>"; };
		31DBBBBF29EB46B0008B9050 /* BST.hpp */ = {isa = PBXFileReference; lastKnownFileType = sourcecode.cpp.h; path = BST.hpp; sourceTree = "<group>"; };
		31DBBBC229EB4845008B9050 /* DoublyLinkedListTests.mm */ = {isa = PBXFileReference; explicitFileType = sourcecode.cpp.objcpp; path = DoublyLinkedListTests.mm; sourceTree = "<group>"; };
		31DBBBC829EB4B72008B9050 /* tab1.txt */ = {isa = PBXFileReference; fileEncoding = 4; lastKnownFileType = text; path = tab1.txt; sourceTree = "<group>"; };
		31DBBBCA29EB7A6A008B9050 /* bst1.txt */ = {isa = PBXFileReference; fileEncoding = 4; lastKnownFileType = text; path = bst1.txt; sourceTree = "<group>"; };
		31DBBBCB29EB7A6A008B9050 /* bst2.txt */ = {isa = PBXFileReference; fileEncoding = 4; lastKnownFileType = text; path = bst2.txt; sourceTree = "<group>"; };
/* End PBXFileReference section */

/* Begin PBXFrameworksBuildPhase section */
		3108197929E19FF900FC0787 /* Frameworks */ = {
			isa = PBXFrameworksBuildPhase;
			buildActionMask = 2147483647;
			files = (
			);
			runOnlyForDeploymentPostprocessing = 0;
		};
		31DBBB9729EAE2C5008B9050 /* Frameworks */ = {
			isa = PBXFrameworksBuildPhase;
			buildActionMask = 2147483647;
			files = (
			);
			runOnlyForDeploymentPostprocessing = 0;
		};
/* End PBXFrameworksBuildPhase section */

/* Begin PBXGroup section */
		3108197329E19FF900FC0787 = {
			isa = PBXGroup;
			children = (
				31DBBBB129EB0C3D008B9050 /* pliki */,
				3108197E29E19FF900FC0787 /* sdizo-projekt */,
				31DBBB9A29EAE2C5008B9050 /* test-sdizo-projekt.xctest */,
				31DBBB9B29EAE2C5008B9050 /* test-sdizo-projekt */,
				31DBBBA229EAE3CF008B9050 /* Frameworks */,
				31DBBBA629EAE3CF008B9050 /* sdizo-projekt */,
			);
			sourceTree = "<group>";
		};
		3108197E29E19FF900FC0787 /* sdizo-projekt */ = {
			isa = PBXGroup;
			children = (
				314B4DF029E1A0760066CC7A /* main.cpp */,
				314B4DE029E1A0600066CC7A /* Zadanie1 */,
			);
			path = "sdizo-projekt";
			sourceTree = "<group>";
		};
		314B4DE029E1A0600066CC7A /* Zadanie1 */ = {
			isa = PBXGroup;
			children = (
				31DBBBBD29EB4694008B9050 /* BST */,
				314B4DE129E1A0600066CC7A /* ListaDwukierunkowa */,
				314B4DE629E1A0600066CC7A /* Table */,
				314B4DE929E1A0600066CC7A /* Kopiec */,
			);
			path = Zadanie1;
			sourceTree = "<group>";
		};
		314B4DE129E1A0600066CC7A /* ListaDwukierunkowa */ = {
			isa = PBXGroup;
			children = (
				314B4DE229E1A0600066CC7A /* Node.cpp */,
				314B4DE329E1A0600066CC7A /* DoublyLinkedList.cpp */,
				314B4DE429E1A0600066CC7A /* Node.hpp */,
				314B4DE529E1A0600066CC7A /* DoublyLinkedList.hpp */,
			);
			path = ListaDwukierunkowa;
			sourceTree = "<group>";
		};
		314B4DE629E1A0600066CC7A /* Table */ = {
			isa = PBXGroup;
			children = (
				314B4DE729E1A0600066CC7A /* Table.cpp */,
				314B4DE829E1A0600066CC7A /* Table.hpp */,
			);
			path = Table;
			sourceTree = "<group>";
		};
		314B4DE929E1A0600066CC7A /* Kopiec */ = {
			isa = PBXGroup;
			children = (
				314B4DEB29E1A0600066CC7A /* MaxHeap.hpp */,
				31DBBBAD29EAF900008B9050 /* HeapNode.cpp */,
				31DBBBAE29EAF900008B9050 /* HeapNode.hpp */,
				31DBBBB929EB2EDC008B9050 /* MaxHeap.cpp */,
			);
			path = Kopiec;
			sourceTree = "<group>";
		};
		31DBBB9B29EAE2C5008B9050 /* test-sdizo-projekt */ = {
			isa = PBXGroup;
			children = (
				31DBBB9C29EAE2C5008B9050 /* test_sdizo_projekt.mm */,
				31DBBBA929EAE63A008B9050 /* TestTable.mm */,
				31DBBBB429EB2779008B9050 /* TestHeap.mm */,
				31DBBBC229EB4845008B9050 /* DoublyLinkedListTests.mm */,
			);
			path = "test-sdizo-projekt";
			sourceTree = "<group>";
		};
		31DBBBA229EAE3CF008B9050 /* Frameworks */ = {
			isa = PBXGroup;
			children = (
				31DBBBA329EAE3CF008B9050 /* XCTest.framework */,
			);
			name = Frameworks;
			sourceTree = "<group>";
		};
		31DBBBB129EB0C3D008B9050 /* pliki */ = {
			isa = PBXGroup;
			children = (
				31DBBBCA29EB7A6A008B9050 /* bst1.txt */,
				31DBBBCB29EB7A6A008B9050 /* bst2.txt */,
				31DBBBC829EB4B72008B9050 /* tab1.txt */,
				31DBBBB229EB0C3D008B9050 /* heap2.txt */,
				31DBBBB329EB0C3D008B9050 /* heap1.txt */,
			);
			path = pliki;
			sourceTree = "<group>";
		};
		31DBBBBD29EB4694008B9050 /* BST */ = {
			isa = PBXGroup;
			children = (
				31DBBBBE29EB46B0008B9050 /* BST.cpp */,
				31DBBBBF29EB46B0008B9050 /* BST.hpp */,
			);
			path = BST;
			sourceTree = "<group>";
		};
/* End PBXGroup section */

/* Begin PBXNativeTarget section */
		3108197B29E19FF900FC0787 /* sdizo-projekt */ = {
			isa = PBXNativeTarget;
			buildConfigurationList = 3108198329E19FF900FC0787 /* Build configuration list for PBXNativeTarget "sdizo-projekt" */;
			buildPhases = (
				3108197829E19FF900FC0787 /* Sources */,
				3108197929E19FF900FC0787 /* Frameworks */,
				3108197A29E19FF900FC0787 /* CopyFiles */,
			);
			buildRules = (
			);
			dependencies = (
			);
			name = "sdizo-projekt";
			productName = "sdizo-projekt";
			productReference = 31DBBBA629EAE3CF008B9050 /* sdizo-projekt */;
			productType = "com.apple.product-type.tool";
		};
		31DBBB9929EAE2C5008B9050 /* test-sdizo-projekt */ = {
			isa = PBXNativeTarget;
			buildConfigurationList = 31DBBB9E29EAE2C5008B9050 /* Build configuration list for PBXNativeTarget "test-sdizo-projekt" */;
			buildPhases = (
				31DBBB9629EAE2C5008B9050 /* Sources */,
				31DBBB9729EAE2C5008B9050 /* Frameworks */,
				31DBBB9829EAE2C5008B9050 /* Resources */,
			);
			buildRules = (
			);
			dependencies = (
			);
			name = "test-sdizo-projekt";
			productName = "test-sdizo-projekt";
			productReference = 31DBBB9A29EAE2C5008B9050 /* test-sdizo-projekt.xctest */;
			productType = "com.apple.product-type.bundle.unit-test";
		};
/* End PBXNativeTarget section */

/* Begin PBXProject section */
		3108197429E19FF900FC0787 /* Project object */ = {
			isa = PBXProject;
			attributes = {
				BuildIndependentTargetsInParallel = 1;
				LastSwiftUpdateCheck = 1420;
				LastUpgradeCheck = 1420;
				TargetAttributes = {
					3108197B29E19FF900FC0787 = {
						CreatedOnToolsVersion = 14.2;
					};
					31DBBB9929EAE2C5008B9050 = {
						CreatedOnToolsVersion = 14.2;
					};
				};
			};
			buildConfigurationList = 3108197729E19FF900FC0787 /* Build configuration list for PBXProject "sdizo-projekt" */;
			compatibilityVersion = "Xcode 14.0";
			developmentRegion = en;
			hasScannedForEncodings = 0;
			knownRegions = (
				en,
				Base,
			);
			mainGroup = 3108197329E19FF900FC0787;
			productRefGroup = 3108197329E19FF900FC0787;
			projectDirPath = "";
			projectRoot = "";
			targets = (
				3108197B29E19FF900FC0787 /* sdizo-projekt */,
				31DBBB9929EAE2C5008B9050 /* test-sdizo-projekt */,
			);
		};
/* End PBXProject section */

/* Begin PBXResourcesBuildPhase section */
		31DBBB9829EAE2C5008B9050 /* Resources */ = {
			isa = PBXResourcesBuildPhase;
			buildActionMask = 2147483647;
			files = (
				31DBBBC929EB4B72008B9050 /* tab1.txt in Resources */,
				31DBBBCD29EB7A6A008B9050 /* bst2.txt in Resources */,
				31DBBBCC29EB7A6A008B9050 /* bst1.txt in Resources */,
				31DBBBBC29EB434B008B9050 /* heap1.txt in Resources */,
			);
			runOnlyForDeploymentPostprocessing = 0;
		};
/* End PBXResourcesBuildPhase section */

/* Begin PBXSourcesBuildPhase section */
		3108197829E19FF900FC0787 /* Sources */ = {
			isa = PBXSourcesBuildPhase;
			buildActionMask = 2147483647;
			files = (
				31DBBBC029EB46B0008B9050 /* BST.cpp in Sources */,
				31DBBBC629EB4AED008B9050 /* Node.cpp in Sources */,
				314B4DED29E1A0600066CC7A /* DoublyLinkedList.cpp in Sources */,
				314B4DEE29E1A0600066CC7A /* Table.cpp in Sources */,
				31DBBBBA29EB2EDC008B9050 /* MaxHeap.cpp in Sources */,
				314B4DF129E1A0760066CC7A /* main.cpp in Sources */,
				31DBBBAF29EAF900008B9050 /* HeapNode.cpp in Sources */,
			);
			runOnlyForDeploymentPostprocessing = 0;
		};
		31DBBB9629EAE2C5008B9050 /* Sources */ = {
			isa = PBXSourcesBuildPhase;
			buildActionMask = 2147483647;
			files = (
				31DBBBC729EB4AEE008B9050 /* Node.cpp in Sources */,
				31DBBBAC29EAF706008B9050 /* Table.cpp in Sources */,
				31DBBBBB29EB32E6008B9050 /* MaxHeap.cpp in Sources */,
				31DBBBAA29EAE63A008B9050 /* TestTable.mm in Sources */,
				31DBBBC129EB46B0008B9050 /* BST.cpp in Sources */,
				31DBBBA829EAE58E008B9050 /* test_sdizo_projekt.mm in Sources */,
				31DBBBB529EB2779008B9050 /* TestHeap.mm in Sources */,
				31DBBBC329EB4845008B9050 /* DoublyLinkedListTests.mm in Sources */,
				31DBBBC429EB485C008B9050 /* DoublyLinkedList.cpp in Sources */,
			);
			runOnlyForDeploymentPostprocessing = 0;
		};
/* End PBXSourcesBuildPhase section */

/* Begin XCBuildConfiguration section */
		3108198129E19FF900FC0787 /* Debug */ = {
			isa = XCBuildConfiguration;
			buildSettings = {
				ALWAYS_SEARCH_USER_PATHS = NO;
				CLANG_ANALYZER_NONNULL = YES;
				CLANG_ANALYZER_NUMBER_OBJECT_CONVERSION = YES_AGGRESSIVE;
				CLANG_CXX_LANGUAGE_STANDARD = "gnu++20";
				CLANG_ENABLE_MODULES = YES;
				CLANG_ENABLE_OBJC_ARC = YES;
				CLANG_ENABLE_OBJC_WEAK = YES;
				CLANG_WARN_BLOCK_CAPTURE_AUTORELEASING = YES;
				CLANG_WARN_BOOL_CONVERSION = YES;
				CLANG_WARN_COMMA = YES;
				CLANG_WARN_CONSTANT_CONVERSION = YES;
				CLANG_WARN_DEPRECATED_OBJC_IMPLEMENTATIONS = YES;
				CLANG_WARN_DIRECT_OBJC_ISA_USAGE = YES_ERROR;
				CLANG_WARN_DOCUMENTATION_COMMENTS = YES;
				CLANG_WARN_EMPTY_BODY = YES;
				CLANG_WARN_ENUM_CONVERSION = YES;
				CLANG_WARN_INFINITE_RECURSION = YES;
				CLANG_WARN_INT_CONVERSION = YES;
				CLANG_WARN_NON_LITERAL_NULL_CONVERSION = YES;
				CLANG_WARN_OBJC_IMPLICIT_RETAIN_SELF = YES;
				CLANG_WARN_OBJC_LITERAL_CONVERSION = YES;
				CLANG_WARN_OBJC_ROOT_CLASS = YES_ERROR;
				CLANG_WARN_QUOTED_INCLUDE_IN_FRAMEWORK_HEADER = YES;
				CLANG_WARN_RANGE_LOOP_ANALYSIS = YES;
				CLANG_WARN_STRICT_PROTOTYPES = YES;
				CLANG_WARN_SUSPICIOUS_MOVE = YES;
				CLANG_WARN_UNGUARDED_AVAILABILITY = YES_AGGRESSIVE;
				CLANG_WARN_UNREACHABLE_CODE = YES;
				CLANG_WARN__DUPLICATE_METHOD_MATCH = YES;
				COPY_PHASE_STRIP = NO;
				DEBUG_INFORMATION_FORMAT = dwarf;
				ENABLE_STRICT_OBJC_MSGSEND = YES;
				ENABLE_TESTABILITY = YES;
				GCC_C_LANGUAGE_STANDARD = gnu11;
				GCC_DYNAMIC_NO_PIC = NO;
				GCC_NO_COMMON_BLOCKS = YES;
				GCC_OPTIMIZATION_LEVEL = 0;
				GCC_PREPROCESSOR_DEFINITIONS = (
					"DEBUG=1",
					"$(inherited)",
				);
				GCC_WARN_64_TO_32_BIT_CONVERSION = YES;
				GCC_WARN_ABOUT_RETURN_TYPE = YES_ERROR;
				GCC_WARN_UNDECLARED_SELECTOR = YES;
				GCC_WARN_UNINITIALIZED_AUTOS = YES_AGGRESSIVE;
				GCC_WARN_UNUSED_FUNCTION = YES;
				GCC_WARN_UNUSED_VARIABLE = YES;
				MACOSX_DEPLOYMENT_TARGET = 13.1;
				MTL_ENABLE_DEBUG_INFO = INCLUDE_SOURCE;
				MTL_FAST_MATH = YES;
				ONLY_ACTIVE_ARCH = YES;
				SDKROOT = macosx;
			};
			name = Debug;
		};
		3108198229E19FF900FC0787 /* Release */ = {
			isa = XCBuildConfiguration;
			buildSettings = {
				ALWAYS_SEARCH_USER_PATHS = NO;
				CLANG_ANALYZER_NONNULL = YES;
				CLANG_ANALYZER_NUMBER_OBJECT_CONVERSION = YES_AGGRESSIVE;
				CLANG_CXX_LANGUAGE_STANDARD = "gnu++20";
				CLANG_ENABLE_MODULES = YES;
				CLANG_ENABLE_OBJC_ARC = YES;
				CLANG_ENABLE_OBJC_WEAK = YES;
				CLANG_WARN_BLOCK_CAPTURE_AUTORELEASING = YES;
				CLANG_WARN_BOOL_CONVERSION = YES;
				CLANG_WARN_COMMA = YES;
				CLANG_WARN_CONSTANT_CONVERSION = YES;
				CLANG_WARN_DEPRECATED_OBJC_IMPLEMENTATIONS = YES;
				CLANG_WARN_DIRECT_OBJC_ISA_USAGE = YES_ERROR;
				CLANG_WARN_DOCUMENTATION_COMMENTS = YES;
				CLANG_WARN_EMPTY_BODY = YES;
				CLANG_WARN_ENUM_CONVERSION = YES;
				CLANG_WARN_INFINITE_RECURSION = YES;
				CLANG_WARN_INT_CONVERSION = YES;
				CLANG_WARN_NON_LITERAL_NULL_CONVERSION = YES;
				CLANG_WARN_OBJC_IMPLICIT_RETAIN_SELF = YES;
				CLANG_WARN_OBJC_LITERAL_CONVERSION = YES;
				CLANG_WARN_OBJC_ROOT_CLASS = YES_ERROR;
				CLANG_WARN_QUOTED_INCLUDE_IN_FRAMEWORK_HEADER = YES;
				CLANG_WARN_RANGE_LOOP_ANALYSIS = YES;
				CLANG_WARN_STRICT_PROTOTYPES = YES;
				CLANG_WARN_SUSPICIOUS_MOVE = YES;
				CLANG_WARN_UNGUARDED_AVAILABILITY = YES_AGGRESSIVE;
				CLANG_WARN_UNREACHABLE_CODE = YES;
				CLANG_WARN__DUPLICATE_METHOD_MATCH = YES;
				COPY_PHASE_STRIP = NO;
				DEBUG_INFORMATION_FORMAT = "dwarf-with-dsym";
				ENABLE_NS_ASSERTIONS = NO;
				ENABLE_STRICT_OBJC_MSGSEND = YES;
				GCC_C_LANGUAGE_STANDARD = gnu11;
				GCC_NO_COMMON_BLOCKS = YES;
				GCC_WARN_64_TO_32_BIT_CONVERSION = YES;
				GCC_WARN_ABOUT_RETURN_TYPE = YES_ERROR;
				GCC_WARN_UNDECLARED_SELECTOR = YES;
				GCC_WARN_UNINITIALIZED_AUTOS = YES_AGGRESSIVE;
				GCC_WARN_UNUSED_FUNCTION = YES;
				GCC_WARN_UNUSED_VARIABLE = YES;
				MACOSX_DEPLOYMENT_TARGET = 13.1;
				MTL_ENABLE_DEBUG_INFO = NO;
				MTL_FAST_MATH = YES;
				SDKROOT = macosx;
			};
			name = Release;
		};
		3108198429E19FF900FC0787 /* Debug */ = {
			isa = XCBuildConfiguration;
			buildSettings = {
				CODE_SIGN_STYLE = Automatic;
				MACOSX_DEPLOYMENT_TARGET = 13.1;
				PRODUCT_NAME = "$(TARGET_NAME)";
			};
			name = Debug;
		};
		3108198529E19FF900FC0787 /* Release */ = {
			isa = XCBuildConfiguration;
			buildSettings = {
				CODE_SIGN_STYLE = Automatic;
				MACOSX_DEPLOYMENT_TARGET = 13.1;
				PRODUCT_NAME = "$(TARGET_NAME)";
			};
			name = Release;
		};
		31DBBB9F29EAE2C5008B9050 /* Debug */ = {
			isa = XCBuildConfiguration;
			buildSettings = {
				CODE_SIGN_STYLE = Automatic;
				CURRENT_PROJECT_VERSION = 1;
				DEVELOPMENT_TEAM = M24BUWBX5F;
				GENERATE_INFOPLIST_FILE = YES;
				IPHONEOS_DEPLOYMENT_TARGET = 16.2;
				MACOSX_DEPLOYMENT_TARGET = 13.1;
				MARKETING_VERSION = 1.0;
				PRODUCT_BUNDLE_IDENTIFIER = "szymonkluska.test-sdizo-projekt";
				PRODUCT_NAME = "$(TARGET_NAME)";
				SDKROOT = auto;
				SUPPORTED_PLATFORMS = "iphoneos iphonesimulator macosx";
				SWIFT_EMIT_LOC_STRINGS = NO;
				TARGETED_DEVICE_FAMILY = "1,2";
			};
			name = Debug;
		};
		31DBBBA029EAE2C5008B9050 /* Release */ = {
			isa = XCBuildConfiguration;
			buildSettings = {
				CODE_SIGN_STYLE = Automatic;
				CURRENT_PROJECT_VERSION = 1;
				DEVELOPMENT_TEAM = M24BUWBX5F;
				GENERATE_INFOPLIST_FILE = YES;
				IPHONEOS_DEPLOYMENT_TARGET = 16.2;
				MACOSX_DEPLOYMENT_TARGET = 13.1;
				MARKETING_VERSION = 1.0;
				PRODUCT_BUNDLE_IDENTIFIER = "szymonkluska.test-sdizo-projekt";
				PRODUCT_NAME = "$(TARGET_NAME)";
				SDKROOT = auto;
				SUPPORTED_PLATFORMS = "iphoneos iphonesimulator macosx";
				SWIFT_EMIT_LOC_STRINGS = NO;
				TARGETED_DEVICE_FAMILY = "1,2";
			};
			name = Release;
		};
/* End XCBuildConfiguration section */

/* Begin XCConfigurationList section */
		3108197729E19FF900FC0787 /* Build configuration list for PBXProject "sdizo-projekt" */ = {
			isa = XCConfigurationList;
			buildConfigurations = (
				3108198129E19FF900FC0787 /* Debug */,
				3108198229E19FF900FC0787 /* Release */,
			);
			defaultConfigurationIsVisible = 0;
			defaultConfigurationName = Release;
		};
		3108198329E19FF900FC0787 /* Build configuration list for PBXNativeTarget "sdizo-projekt" */ = {
			isa = XCConfigurationList;
			buildConfigurations = (
				3108198429E19FF900FC0787 /* Debug */,
				3108198529E19FF900FC0787 /* Release */,
			);
			defaultConfigurationIsVisible = 0;
			defaultConfigurationName = Release;
		};
		31DBBB9E29EAE2C5008B9050 /* Build configuration list for PBXNativeTarget "test-sdizo-projekt" */ = {
			isa = XCConfigurationList;
			buildConfigurations = (
				31DBBB9F29EAE2C5008B9050 /* Debug */,
				31DBBBA029EAE2C5008B9050 /* Release */,
			);
			defaultConfigurationIsVisible = 0;
			defaultConfigurationName = Release;
		};
/* End XCConfigurationList section */
	};
	rootObject = 3108197429E19FF900FC0787 /* Project object */;
}
